
Microsoft Visual Studio Solution File, Format Version 12.00
# Visual Studio 14
VisualStudioVersion = 14.0.23107.0
MinimumVisualStudioVersion = 10.0.40219.1
Project("{FAE04EC0-301F-11D3-BF4B-00C04F79EFBC}") = "EngMyanDict_vs14", "EngMyanDict\EngMyanDict_vs14.csproj", "{68C01A2D-01E1-4C85-B487-478518B19356}"
EndProject
Project("{FAE04EC0-301F-11D3-BF4B-00C04F79EFBC}") = "HtmlRenderer_vs14", "HtmlRenderer\HtmlRenderer_vs14.csproj", "{1B058920-24B4-4140-8AE7-C8C6C38CA52D}"
EndProject
Global
	GlobalSection(SolutionConfigurationPlatforms) = preSolution
		Debug|Any CPU = Debug|Any CPU
		Release|Any CPU = Release|Any CPU
	EndGlobalSection
	GlobalSection(ProjectConfigurationPlatforms) = postSolution
		{68C01A2D-01E1-4C85-B487-478518B19356}.Debug|Any CPU.ActiveCfg = Debug|Any CPU
		{68C01A2D-01E1-4C85-B487-478518B19356}.Debug|Any CPU.Build.0 = Debug|Any CPU
		{68C01A2D-01E1-4C85-B487-478518B19356}.Release|Any CPU.ActiveCfg = Release|Any CPU
		{68C01A2D-01E1-4C85-B487-478518B19356}.Release|Any CPU.Build.0 = Release|Any CPU
		{1B058920-24B4-4140-8AE7-C8C6C38CA52D}.Debug|Any CPU.ActiveCfg = Debug|Any CPU
		{1B058920-24B4-4140-8AE7-C8C6C38CA52D}.Debug|Any CPU.Build.0 = Debug|Any CPU
		{1B058920-24B4-4140-8AE7-C8C6C38CA52D}.Release|Any CPU.ActiveCfg = Release|Any CPU
		{1B058920-24B4-4140-8AE7-C8C6C38CA52D}.Release|Any CPU.Build.0 = Release|Any CPU
	EndGlobalSection
	GlobalSection(SolutionProperties) = preSolution
		HideSolutionNode = FALSE
	EndGlobalSection
EndGlobal
